schema: '2.0'
stages:
  Training:
    cmd: python fraud_svm.py
    deps:
    - path: Data/creditcard.csv
      md5: e90efcb83d69faf99fcab8b0255024de
      size: 150828752
    - path: fraud_svm.py
      md5: a53bded60826c69a7bb00cb1b95f699d
      size: 2540
    outs:
    - path: Data/x_test.csv
      md5: 0e918bb46438081e749e6dd1c2943624
      size: 31433634
    - path: Data/y_test.csv
      md5: a632a4a12842c7e80d32274e776ca58c
      size: 490480
    - path: Models/Fraud_SVM.pkl
      md5: 25515342eb89694cbb8fba76fde0ae65
      size: 143088
  Testing:
    cmd: python fraud_svm_test.py
    deps:
    - path: Data/x_test.csv
      md5: 0e918bb46438081e749e6dd1c2943624
      size: 31433634
    - path: Data/y_test.csv
      md5: a632a4a12842c7e80d32274e776ca58c
      size: 490480
    - path: Models/Fraud_SVM.pkl
      md5: 25515342eb89694cbb8fba76fde0ae65
      size: 143088
    - path: fraud_svm_test.py
      md5: cee1dce2f435b11ab313ed9b194ea071
      size: 3186
    outs:
    - path: Output/Accuracy.json
      md5: 6e79723da0eca3533d5a1e4966ac7060
      size: 188
    - path: auc.png
      md5: 81f4d2020042594409a623441dcad360
      size: 48676
    - path: confusion_mat.png
      md5: 78af8b0d641c54190286a301d55a8097
      size: 14034
    - path: plots.json
      md5: 5882e5db9359aef601f976a9ff580d55
      size: 346
